
Microsoft Visual Studio Solution File, Format Version 12.00
# Visual Studio Version 17
VisualStudioVersion = 17.9.34701.34
MinimumVisualStudioVersion = 10.0.40219.1
Project("{9A19103F-16F7-4668-BE54-9A1E7A4F7556}") = "SnapcastClient", "SnapcastClient\SnapcastClient.csproj", "{2BD65FAA-E835-4C8A-96E6-81A1963D3293}"
EndProject
Project("{9A19103F-16F7-4668-BE54-9A1E7A4F7556}") = "SnapcastClient.Tests", "SnapcastClient.Tests\SnapcastClient.Tests.csproj", "{D6A24966-5E63-4A9E-BA6A-6442CF45674D}"
EndProject
Global
	GlobalSection(SolutionConfigurationPlatforms) = preSolution
		Debug|Any CPU = Debug|Any CPU
		Release|Any CPU = Release|Any CPU
	EndGlobalSection
	GlobalSection(ProjectConfigurationPlatforms) = postSolution
		{2BD65FAA-E835-4C8A-96E6-81A1963D3293}.Debug|Any CPU.ActiveCfg = Debug|Any CPU
		{2BD65FAA-E835-4C8A-96E6-81A1963D3293}.Debug|Any CPU.Build.0 = Debug|Any CPU
		{2BD65FAA-E835-4C8A-96E6-81A1963D3293}.Release|Any CPU.ActiveCfg = Release|Any CPU
		{2BD65FAA-E835-4C8A-96E6-81A1963D3293}.Release|Any CPU.Build.0 = Release|Any CPU
		{D6A24966-5E63-4A9E-BA6A-6442CF45674D}.Debug|Any CPU.ActiveCfg = Debug|Any CPU
		{D6A24966-5E63-4A9E-BA6A-6442CF45674D}.Debug|Any CPU.Build.0 = Debug|Any CPU
		{D6A24966-5E63-4A9E-BA6A-6442CF45674D}.Release|Any CPU.ActiveCfg = Release|Any CPU
		{D6A24966-5E63-4A9E-BA6A-6442CF45674D}.Release|Any CPU.Build.0 = Release|Any CPU
	EndGlobalSection
	GlobalSection(SolutionProperties) = preSolution
		HideSolutionNode = FALSE
	EndGlobalSection
	GlobalSection(ExtensibilityGlobals) = postSolution
		SolutionGuid = {F034EED2-0949-4807-B8C4-8BE9AEBA6642}
	EndGlobalSection
EndGlobal
